
Microsoft Visual Studio Solution File, Format Version 12.00
# Visual Studio Version 16
VisualStudioVersion = 16.0.29102.190
MinimumVisualStudioVersion = 10.0.40219.1
Project("{9A19103F-16F7-4668-BE54-9A1E7A4F7556}") = "MvcDemoWeb", "MvcDemoWeb\MvcDemoWeb.csproj", "{BA06E97C-C766-45D9-96FF-8AEA51387C62}"
EndProject
Project("{9A19103F-16F7-4668-BE54-9A1E7A4F7556}") = "MvcDemoBusiness", "MvcDemoBusiness\MvcDemoBusiness.csproj", "{5AA7A51A-D603-4805-A988-CF05CEEC2E32}"
EndProject
Project("{9A19103F-16F7-4668-BE54-9A1E7A4F7556}") = "TestConsole", "TestConsole\TestConsole.csproj", "{91981ED1-ABB8-41B1-970C-8E6DFB3C6001}"
EndProject
Project("{FAE04EC0-301F-11D3-BF4B-00C04F79EFBC}") = "DapperFactory", "DapperFactory\DapperFactory.csproj", "{77FD6DB0-4F08-4990-B28D-C7C12C1C579D}"
EndProject
Global
	GlobalSection(SolutionConfigurationPlatforms) = preSolution
		Debug|Any CPU = Debug|Any CPU
		Release|Any CPU = Release|Any CPU
	EndGlobalSection
	GlobalSection(ProjectConfigurationPlatforms) = postSolution
		{BA06E97C-C766-45D9-96FF-8AEA51387C62}.Debug|Any CPU.ActiveCfg = Debug|Any CPU
		{BA06E97C-C766-45D9-96FF-8AEA51387C62}.Debug|Any CPU.Build.0 = Debug|Any CPU
		{BA06E97C-C766-45D9-96FF-8AEA51387C62}.Release|Any CPU.ActiveCfg = Release|Any CPU
		{BA06E97C-C766-45D9-96FF-8AEA51387C62}.Release|Any CPU.Build.0 = Release|Any CPU
		{5AA7A51A-D603-4805-A988-CF05CEEC2E32}.Debug|Any CPU.ActiveCfg = Debug|Any CPU
		{5AA7A51A-D603-4805-A988-CF05CEEC2E32}.Debug|Any CPU.Build.0 = Debug|Any CPU
		{5AA7A51A-D603-4805-A988-CF05CEEC2E32}.Release|Any CPU.ActiveCfg = Release|Any CPU
		{5AA7A51A-D603-4805-A988-CF05CEEC2E32}.Release|Any CPU.Build.0 = Release|Any CPU
		{91981ED1-ABB8-41B1-970C-8E6DFB3C6001}.Debug|Any CPU.ActiveCfg = Debug|Any CPU
		{91981ED1-ABB8-41B1-970C-8E6DFB3C6001}.Debug|Any CPU.Build.0 = Debug|Any CPU
		{91981ED1-ABB8-41B1-970C-8E6DFB3C6001}.Release|Any CPU.ActiveCfg = Release|Any CPU
		{91981ED1-ABB8-41B1-970C-8E6DFB3C6001}.Release|Any CPU.Build.0 = Release|Any CPU
		{77FD6DB0-4F08-4990-B28D-C7C12C1C579D}.Debug|Any CPU.ActiveCfg = Debug|Any CPU
		{77FD6DB0-4F08-4990-B28D-C7C12C1C579D}.Debug|Any CPU.Build.0 = Debug|Any CPU
		{77FD6DB0-4F08-4990-B28D-C7C12C1C579D}.Release|Any CPU.ActiveCfg = Release|Any CPU
		{77FD6DB0-4F08-4990-B28D-C7C12C1C579D}.Release|Any CPU.Build.0 = Release|Any CPU
	EndGlobalSection
	GlobalSection(SolutionProperties) = preSolution
		HideSolutionNode = FALSE
	EndGlobalSection
	GlobalSection(ExtensibilityGlobals) = postSolution
		SolutionGuid = {FB8F5BA1-1E0A-423F-B230-498BC6349D87}
	EndGlobalSection
EndGlobal
